
Microsoft Visual Studio Solution File, Format Version 12.00
# Visual Studio Version 16
VisualStudioVersion = 16.0.31911.196
MinimumVisualStudioVersion = 10.0.40219.1
Project("{FAE04EC0-301F-11D3-BF4B-00C04F79EFBC}") = "Client", "Client\Client.csproj", "{E3160BE7-ABB4-4697-9D76-3AEC2D035CA6}"
EndProject
Project("{FAE04EC0-301F-11D3-BF4B-00C04F79EFBC}") = "Server", "Server\Server.csproj", "{ABD4FF8B-022E-4F5B-836B-AA46D4BA85E4}"
EndProject
Global
	GlobalSection(SolutionConfigurationPlatforms) = preSolution
		Debug|Any CPU = Debug|Any CPU
		Release|Any CPU = Release|Any CPU
	EndGlobalSection
	GlobalSection(ProjectConfigurationPlatforms) = postSolution
		{E3160BE7-ABB4-4697-9D76-3AEC2D035CA6}.Debug|Any CPU.ActiveCfg = Debug|Any CPU
		{E3160BE7-ABB4-4697-9D76-3AEC2D035CA6}.Debug|Any CPU.Build.0 = Debug|Any CPU
		{E3160BE7-ABB4-4697-9D76-3AEC2D035CA6}.Release|Any CPU.ActiveCfg = Release|Any CPU
		{E3160BE7-ABB4-4697-9D76-3AEC2D035CA6}.Release|Any CPU.Build.0 = Release|Any CPU
		{ABD4FF8B-022E-4F5B-836B-AA46D4BA85E4}.Debug|Any CPU.ActiveCfg = Debug|Any CPU
		{ABD4FF8B-022E-4F5B-836B-AA46D4BA85E4}.Debug|Any CPU.Build.0 = Debug|Any CPU
		{ABD4FF8B-022E-4F5B-836B-AA46D4BA85E4}.Release|Any CPU.ActiveCfg = Release|Any CPU
		{ABD4FF8B-022E-4F5B-836B-AA46D4BA85E4}.Release|Any CPU.Build.0 = Release|Any CPU
	EndGlobalSection
	GlobalSection(SolutionProperties) = preSolution
		HideSolutionNode = FALSE
	EndGlobalSection
	GlobalSection(ExtensibilityGlobals) = postSolution
		SolutionGuid = {1BC37E79-01EC-4E23-B831-849776D3E287}
	EndGlobalSection
EndGlobal
